{
  "name": "fire_fighting_equipment",
  "requires": true,
  "lockfileVersion": 1,
  "dependencies": {
    "@prettier/plugin-ruby": {
      "version": "0.18.2",
      "resolved": "https://registry.npmjs.org/@prettier/plugin-ruby/-/plugin-ruby-0.18.2.tgz",
      "integrity": "sha512-TWQZ+B94zYhtp/V0UbP69yNNhdjX1yx4EUI6irgtAz1GpXUVyNhNZTvYTYI/Lg+dCiMa3HFEJAwVfueLTeVmtw==",
      "dev": true,
      "requires": {
        "prettier": ">=1.10"
      }
    },
    "prettier": {
      "version": "2.0.5",
      "resolved": "https://registry.npmjs.org/prettier/-/prettier-2.0.5.tgz",
      "integrity": "sha512-7PtVymN48hGcO4fGjybyBSIWDsLU4H4XlvOHfq91pz9kkGlonzwTfYkaIEwiRg/dAJF9YlbsduBAgtYLi+8cFg==",
      "dev": true
    }
  }
}
